
Microsoft Visual Studio Solution File, Format Version 12.00
# Visual Studio Version 17
VisualStudioVersion = 17.13.35931.197 d17.13
MinimumVisualStudioVersion = 10.0.40219.1
Project("{FAE04EC0-301F-11D3-BF4B-00C04F79EFBC}") = "SmartBankAPI", "SmartBankAPI\SmartBankAPI.csproj", "{590A62ED-9812-4FBB-BF4D-E158A4870D80}"
EndProject
Global
	GlobalSection(SolutionConfigurationPlatforms) = preSolution
		Debug|Any CPU = Debug|Any CPU
		Release|Any CPU = Release|Any CPU
	EndGlobalSection
	GlobalSection(ProjectConfigurationPlatforms) = postSolution
		{590A62ED-9812-4FBB-BF4D-E158A4870D80}.Debug|Any CPU.ActiveCfg = Debug|Any CPU
		{590A62ED-9812-4FBB-BF4D-E158A4870D80}.Debug|Any CPU.Build.0 = Debug|Any CPU
		{590A62ED-9812-4FBB-BF4D-E158A4870D80}.Release|Any CPU.ActiveCfg = Release|Any CPU
		{590A62ED-9812-4FBB-BF4D-E158A4870D80}.Release|Any CPU.Build.0 = Release|Any CPU
	EndGlobalSection
	GlobalSection(SolutionProperties) = preSolution
		HideSolutionNode = FALSE
	EndGlobalSection
	GlobalSection(ExtensibilityGlobals) = postSolution
		SolutionGuid = {8380263F-142B-4866-B152-D84633BF5C2E}
	EndGlobalSection
EndGlobal
